
Microsoft Visual Studio Solution File, Format Version 12.00
# Visual Studio Version 16
VisualStudioVersion = 16.0.29102.190
MinimumVisualStudioVersion = 10.0.40219.1
Project("{FAE04EC0-301F-11D3-BF4B-00C04F79EFBC}") = "HorseRace", "HorseRace.csproj", "{323791F4-CACB-4AB9-A1A5-972E9C108260}"
EndProject
Project("{FAE04EC0-301F-11D3-BF4B-00C04F79EFBC}") = "horseraceUnitTesting", "horseraceUnitTesting\horseraceUnitTesting.csproj", "{1D5E5BDD-F31C-47E7-8455-654E152DA122}"
EndProject
Global
	GlobalSection(SolutionConfigurationPlatforms) = preSolution
		Debug|Any CPU = Debug|Any CPU
		Release|Any CPU = Release|Any CPU
	EndGlobalSection
	GlobalSection(ProjectConfigurationPlatforms) = postSolution
		{323791F4-CACB-4AB9-A1A5-972E9C108260}.Debug|Any CPU.ActiveCfg = Debug|Any CPU
		{323791F4-CACB-4AB9-A1A5-972E9C108260}.Debug|Any CPU.Build.0 = Debug|Any CPU
		{323791F4-CACB-4AB9-A1A5-972E9C108260}.Release|Any CPU.ActiveCfg = Release|Any CPU
		{323791F4-CACB-4AB9-A1A5-972E9C108260}.Release|Any CPU.Build.0 = Release|Any CPU
		{1D5E5BDD-F31C-47E7-8455-654E152DA122}.Debug|Any CPU.ActiveCfg = Debug|Any CPU
		{1D5E5BDD-F31C-47E7-8455-654E152DA122}.Debug|Any CPU.Build.0 = Debug|Any CPU
		{1D5E5BDD-F31C-47E7-8455-654E152DA122}.Release|Any CPU.ActiveCfg = Release|Any CPU
		{1D5E5BDD-F31C-47E7-8455-654E152DA122}.Release|Any CPU.Build.0 = Release|Any CPU
	EndGlobalSection
	GlobalSection(SolutionProperties) = preSolution
		HideSolutionNode = FALSE
	EndGlobalSection
	GlobalSection(ExtensibilityGlobals) = postSolution
		SolutionGuid = {26E2055F-03A8-48AB-BD58-BEB4305F7484}
	EndGlobalSection
EndGlobal
